// !$*UTF8*$!
{
	archiveVersion = 1;
	classes = {
	};
	objectVersion = 46;
	objects = {

/* Begin PBXBuildFile section */
		317FEAE3C8E474C329DFD2C1 /* Pods_SabadBan.framework in Frameworks */ = {isa = PBXBuildFile; fileRef = E672665F4DD4CD071AFEA5E4 /* Pods_SabadBan.framework */; };
		84A34BF61D7EF5E600B02A8D /* AlamofireRequest.swift in Sources */ = {isa = PBXBuildFile; fileRef = 84A34BF51D7EF5E600B02A8D /* AlamofireRequest.swift */; };
		941C19BB1D76FD9300DDE96F /* SymbolNamesCell.swift in Sources */ = {isa = PBXBuildFile; fileRef = 941C19BA1D76FD9300DDE96F /* SymbolNamesCell.swift */; };
		941E9A2D1D740B5900A472A5 /* indexDetailsCell.swift in Sources */ = {isa = PBXBuildFile; fileRef = 941E9A2C1D740B5900A472A5 /* indexDetailsCell.swift */; };
		944EF1941D7EC29A00A039BA /* BestLimitDataList.swift in Sources */ = {isa = PBXBuildFile; fileRef = 944EF1911D7EC29A00A039BA /* BestLimitDataList.swift */; };
		944EF1961D7EC29A00A039BA /* SymbolBestLimitResponse.swift in Sources */ = {isa = PBXBuildFile; fileRef = 944EF1931D7EC29A00A039BA /* SymbolBestLimitResponse.swift */; };
		944EF19C1D7EC4BF00A039BA /* SymbolTradingResponse.swift in Sources */ = {isa = PBXBuildFile; fileRef = 944EF19A1D7EC4BF00A039BA /* SymbolTradingResponse.swift */; };
		944EF19E1D7EE79400A039BA /* MainResponse.swift in Sources */ = {isa = PBXBuildFile; fileRef = 944EF19D1D7EE79400A039BA /* MainResponse.swift */; };
		9458E1531D7E8976009A211A /* SymbolDetailsViewController.swift in Sources */ = {isa = PBXBuildFile; fileRef = 9458E1521D7E8976009A211A /* SymbolDetailsViewController.swift */; };
		9465DB611D83D702007F0572 /* BourseNewsDetailsList.swift in Sources */ = {isa = PBXBuildFile; fileRef = 9465DB5F1D83D702007F0572 /* BourseNewsDetailsList.swift */; };
		9465DB621D83D702007F0572 /* BourseNewsResponse.swift in Sources */ = {isa = PBXBuildFile; fileRef = 9465DB601D83D702007F0572 /* BourseNewsResponse.swift */; };
		9465DB661D83E935007F0572 /* NewsDetailViewController.swift in Sources */ = {isa = PBXBuildFile; fileRef = 9465DB651D83E935007F0572 /* NewsDetailViewController.swift */; };
		9465DB681D840450007F0572 /* NewsTabBarController.swift in Sources */ = {isa = PBXBuildFile; fileRef = 9465DB671D840450007F0572 /* NewsTabBarController.swift */; };
		9467D8681D7BEB8700B76A2E /* EditPortfolioViewController.swift in Sources */ = {isa = PBXBuildFile; fileRef = 9467D8671D7BEB8700B76A2E /* EditPortfolioViewController.swift */; };
		947C63881D744F3E00676822 /* SymbolDetailsList.swift in Sources */ = {isa = PBXBuildFile; fileRef = 947C63851D744F3E00676822 /* SymbolDetailsList.swift */; };
		947C63891D744F3E00676822 /* SymbolListByIndexResponse.swift in Sources */ = {isa = PBXBuildFile; fileRef = 947C63861D744F3E00676822 /* SymbolListByIndexResponse.swift */; };
		947C638C1D744FD300676822 /* SymbolListHeader.swift in Sources */ = {isa = PBXBuildFile; fileRef = 947C638B1D744FD300676822 /* SymbolListHeader.swift */; };
		947C638E1D744FF000676822 /* SymbolListHeader.xib in Resources */ = {isa = PBXBuildFile; fileRef = 947C638D1D744FF000676822 /* SymbolListHeader.xib */; };
		947C63901D7451EE00676822 /* SymbolListTableViewController.swift in Sources */ = {isa = PBXBuildFile; fileRef = 947C638F1D7451EE00676822 /* SymbolListTableViewController.swift */; };
		947C63921D7453B200676822 /* SymbolCell.swift in Sources */ = {isa = PBXBuildFile; fileRef = 947C63911D7453B200676822 /* SymbolCell.swift */; };
		947C63961D7581D100676822 /* PortfolioListViewController.swift in Sources */ = {isa = PBXBuildFile; fileRef = 947C63951D7581D100676822 /* PortfolioListViewController.swift */; };
		947C639D1D75BA8C00676822 /* DataBase.swift in Sources */ = {isa = PBXBuildFile; fileRef = 947C639C1D75BA8C00676822 /* DataBase.swift */; };
		947EAC101D7AA25100FE43EC /* portfolioCell.swift in Sources */ = {isa = PBXBuildFile; fileRef = 947EAC0F1D7AA25100FE43EC /* portfolioCell.swift */; };
		948B46651D76B49500F464C2 /* SearchSeymbolTableView.swift in Sources */ = {isa = PBXBuildFile; fileRef = 948B46641D76B49500F464C2 /* SearchSeymbolTableView.swift */; };
		948B46681D76BCDD00F464C2 /* SymbolListModelResponse.swift in Sources */ = {isa = PBXBuildFile; fileRef = 948B46671D76BCDD00F464C2 /* SymbolListModelResponse.swift */; };
		948B466A1D76BCE500F464C2 /* SymbolsDetailsList.swift in Sources */ = {isa = PBXBuildFile; fileRef = 948B46691D76BCE500F464C2 /* SymbolsDetailsList.swift */; };
		949BEE521D72A51C008FA574 /* AppDelegate.swift in Sources */ = {isa = PBXBuildFile; fileRef = 949BEE511D72A51C008FA574 /* AppDelegate.swift */; };
		949BEE571D72A51C008FA574 /* Main.storyboard in Resources */ = {isa = PBXBuildFile; fileRef = 949BEE551D72A51C008FA574 /* Main.storyboard */; };
		949BEE591D72A51C008FA574 /* Assets.xcassets in Resources */ = {isa = PBXBuildFile; fileRef = 949BEE581D72A51C008FA574 /* Assets.xcassets */; };
		949BEE5C1D72A51C008FA574 /* LaunchScreen.storyboard in Resources */ = {isa = PBXBuildFile; fileRef = 949BEE5A1D72A51C008FA574 /* LaunchScreen.storyboard */; };
		949BEE6D1D72A78A008FA574 /* Utils.swift in Sources */ = {isa = PBXBuildFile; fileRef = 949BEE6A1D72A78A008FA574 /* Utils.swift */; };
		949BEE6E1D72A78A008FA574 /* AppConstants.swift in Sources */ = {isa = PBXBuildFile; fileRef = 949BEE6B1D72A78A008FA574 /* AppConstants.swift */; };
		949BEE6F1D72A78A008FA574 /* LinearProgressView.swift in Sources */ = {isa = PBXBuildFile; fileRef = 949BEE6C1D72A78A008FA574 /* LinearProgressView.swift */; };
		949BEE731D72A799008FA574 /* MyAlert.swift in Sources */ = {isa = PBXBuildFile; fileRef = 949BEE711D72A799008FA574 /* MyAlert.swift */; };
		949BEE741D72A799008FA574 /* MyAlert.xib in Resources */ = {isa = PBXBuildFile; fileRef = 949BEE721D72A799008FA574 /* MyAlert.xib */; };
		949BEE771D72A7AD008FA574 /* UIView.swift in Sources */ = {isa = PBXBuildFile; fileRef = 949BEE751D72A7AD008FA574 /* UIView.swift */; };
		949BEE781D72A7AD008FA574 /* NumbersFormat.swift in Sources */ = {isa = PBXBuildFile; fileRef = 949BEE761D72A7AD008FA574 /* NumbersFormat.swift */; };
		949BEE7C1D72A7C4008FA574 /* ENSideMenu.swift in Sources */ = {isa = PBXBuildFile; fileRef = 949BEE7A1D72A7C4008FA574 /* ENSideMenu.swift */; };
		949BEE7D1D72A7C4008FA574 /* ENSideMenuNavigationController.swift in Sources */ = {isa = PBXBuildFile; fileRef = 949BEE7B1D72A7C4008FA574 /* ENSideMenuNavigationController.swift */; };
		949BEE811D72A7DA008FA574 /* MyNavigationController.swift in Sources */ = {isa = PBXBuildFile; fileRef = 949BEE7F1D72A7DA008FA574 /* MyNavigationController.swift */; };
		949BEE821D72A7DA008FA574 /* MyMenuTableViewController.swift in Sources */ = {isa = PBXBuildFile; fileRef = 949BEE801D72A7DA008FA574 /* MyMenuTableViewController.swift */; };
		949BEE851D72A7FE008FA574 /* SettingTableViewController.swift in Sources */ = {isa = PBXBuildFile; fileRef = 949BEE841D72A7FE008FA574 /* SettingTableViewController.swift */; };
		949BEE891D72A883008FA574 /* BaseViewController.swift in Sources */ = {isa = PBXBuildFile; fileRef = 949BEE871D72A883008FA574 /* BaseViewController.swift */; };
		949BEE8A1D72A883008FA574 /* BaseTableViewController.swift in Sources */ = {isa = PBXBuildFile; fileRef = 949BEE881D72A883008FA574 /* BaseTableViewController.swift */; };
		949BEE8F1D72AABB008FA574 /* Localizable.strings in Resources */ = {isa = PBXBuildFile; fileRef = 949BEE911D72AABB008FA574 /* Localizable.strings */; };
		949BEE961D72ADB4008FA574 /* IRANSans.ttf in Resources */ = {isa = PBXBuildFile; fileRef = 949BEE951D72ADB4008FA574 /* IRANSans.ttf */; };
		949BEE9A1D72B2FE008FA574 /* IndexTableViewController.swift in Sources */ = {isa = PBXBuildFile; fileRef = 949BEE991D72B2FE008FA574 /* IndexTableViewController.swift */; };
		949BEE9D1D72B46F008FA574 /* IndexHeader.xib in Resources */ = {isa = PBXBuildFile; fileRef = 949BEE9C1D72B46F008FA574 /* IndexHeader.xib */; };
		949BEEA01D72B5C8008FA574 /* IndexHeader.swift in Sources */ = {isa = PBXBuildFile; fileRef = 949BEE9F1D72B5C8008FA574 /* IndexHeader.swift */; };
		949BEEA21D72B9C1008FA574 /* IndexCell.swift in Sources */ = {isa = PBXBuildFile; fileRef = 949BEEA11D72B9C1008FA574 /* IndexCell.swift */; };
		949BEEA71D72CA88008FA574 /* IndexDetailsList.swift in Sources */ = {isa = PBXBuildFile; fileRef = 949BEEA41D72CA88008FA574 /* IndexDetailsList.swift */; };
		949BEEA91D72CA88008FA574 /* Response.swift in Sources */ = {isa = PBXBuildFile; fileRef = 949BEEA61D72CA88008FA574 /* Response.swift */; };
		949BEEAF1D72F7B2008FA574 /* UIColor.swift in Sources */ = {isa = PBXBuildFile; fileRef = 949BEEAE1D72F7B2008FA574 /* UIColor.swift */; };
		949BEEB51D7311F7008FA574 /* IndexDetailsTabBarController.swift in Sources */ = {isa = PBXBuildFile; fileRef = 949BEEB41D7311F7008FA574 /* IndexDetailsTabBarController.swift */; };
		949BEEB71D731228008FA574 /* ChartViewController.swift in Sources */ = {isa = PBXBuildFile; fileRef = 949BEEB61D731228008FA574 /* ChartViewController.swift */; };
		949BEEB91D731235008FA574 /* DetailsViewController.swift in Sources */ = {isa = PBXBuildFile; fileRef = 949BEEB81D731235008FA574 /* DetailsViewController.swift */; };
		94B7722B1D7FE13F002AA618 /* BourseNewsTableViewController.swift in Sources */ = {isa = PBXBuildFile; fileRef = 94B7722A1D7FE13F002AA618 /* BourseNewsTableViewController.swift */; };
		94B7722D1D7FE18D002AA618 /* ObserverNewsTableViewController.swift in Sources */ = {isa = PBXBuildFile; fileRef = 94B7722C1D7FE18D002AA618 /* ObserverNewsTableViewController.swift */; };
		94B7722F1D7FE363002AA618 /* NewsCell.swift in Sources */ = {isa = PBXBuildFile; fileRef = 94B7722E1D7FE363002AA618 /* NewsCell.swift */; };
		94B772351D7FEA7D002AA618 /* NewsDetailsList.swift in Sources */ = {isa = PBXBuildFile; fileRef = 94B772331D7FEA7D002AA618 /* NewsDetailsList.swift */; };
		94B772361D7FEA7D002AA618 /* ObserverNewsResponse.swift in Sources */ = {isa = PBXBuildFile; fileRef = 94B772341D7FEA7D002AA618 /* ObserverNewsResponse.swift */; };
/* End PBXBuildFile section */

/* Begin PBXFileReference section */
		32A77BA2E8175860256B2A74 /* Pods-SabadBan.debug.xcconfig */ = {isa = PBXFileReference; includeInIndex = 1; lastKnownFileType = text.xcconfig; name = "Pods-SabadBan.debug.xcconfig"; path = "Pods/Target Support Files/Pods-SabadBan/Pods-SabadBan.debug.xcconfig"; sourceTree = "<group>"; };
		84A34BF51D7EF5E600B02A8D /* AlamofireRequest.swift */ = {isa = PBXFileReference; fileEncoding = 4; lastKnownFileType = sourcecode.swift; path = AlamofireRequest.swift; sourceTree = "<group>"; };
		941C19BA1D76FD9300DDE96F /* SymbolNamesCell.swift */ = {isa = PBXFileReference; fileEncoding = 4; lastKnownFileType = sourcecode.swift; path = SymbolNamesCell.swift; sourceTree = "<group>"; };
		941E9A2C1D740B5900A472A5 /* indexDetailsCell.swift */ = {isa = PBXFileReference; fileEncoding = 4; lastKnownFileType = sourcecode.swift; path = indexDetailsCell.swift; sourceTree = "<group>"; };
		944EF1911D7EC29A00A039BA /* BestLimitDataList.swift */ = {isa = PBXFileReference; fileEncoding = 4; lastKnownFileType = sourcecode.swift; path = BestLimitDataList.swift; sourceTree = "<group>"; };
		944EF1931D7EC29A00A039BA /* SymbolBestLimitResponse.swift */ = {isa = PBXFileReference; fileEncoding = 4; lastKnownFileType = sourcecode.swift; path = SymbolBestLimitResponse.swift; sourceTree = "<group>"; };
		944EF19A1D7EC4BF00A039BA /* SymbolTradingResponse.swift */ = {isa = PBXFileReference; fileEncoding = 4; lastKnownFileType = sourcecode.swift; path = SymbolTradingResponse.swift; sourceTree = "<group>"; };
		944EF19D1D7EE79400A039BA /* MainResponse.swift */ = {isa = PBXFileReference; fileEncoding = 4; lastKnownFileType = sourcecode.swift; path = MainResponse.swift; sourceTree = "<group>"; };
		9458E1521D7E8976009A211A /* SymbolDetailsViewController.swift */ = {isa = PBXFileReference; fileEncoding = 4; lastKnownFileType = sourcecode.swift; path = SymbolDetailsViewController.swift; sourceTree = "<group>"; };
		9465DB5F1D83D702007F0572 /* BourseNewsDetailsList.swift */ = {isa = PBXFileReference; fileEncoding = 4; lastKnownFileType = sourcecode.swift; path = BourseNewsDetailsList.swift; sourceTree = "<group>"; };
		9465DB601D83D702007F0572 /* BourseNewsResponse.swift */ = {isa = PBXFileReference; fileEncoding = 4; lastKnownFileType = sourcecode.swift; path = BourseNewsResponse.swift; sourceTree = "<group>"; };
		9465DB651D83E935007F0572 /* NewsDetailViewController.swift */ = {isa = PBXFileReference; fileEncoding = 4; lastKnownFileType = sourcecode.swift; path = NewsDetailViewController.swift; sourceTree = "<group>"; };
		9465DB671D840450007F0572 /* NewsTabBarController.swift */ = {isa = PBXFileReference; fileEncoding = 4; lastKnownFileType = sourcecode.swift; path = NewsTabBarController.swift; sourceTree = "<group>"; };
		9465DB691D84071D007F0572 /* SabadBan-Bridging-Header.h */ = {isa = PBXFileReference; lastKnownFileType = sourcecode.c.h; path = "SabadBan-Bridging-Header.h"; sourceTree = "<group>"; };
		9467D8671D7BEB8700B76A2E /* EditPortfolioViewController.swift */ = {isa = PBXFileReference; fileEncoding = 4; lastKnownFileType = sourcecode.swift; path = EditPortfolioViewController.swift; sourceTree = "<group>"; };
		947C63851D744F3E00676822 /* SymbolDetailsList.swift */ = {isa = PBXFileReference; fileEncoding = 4; lastKnownFileType = sourcecode.swift; path = SymbolDetailsList.swift; sourceTree = "<group>"; };
		947C63861D744F3E00676822 /* SymbolListByIndexResponse.swift */ = {isa = PBXFileReference; fileEncoding = 4; lastKnownFileType = sourcecode.swift; path = SymbolListByIndexResponse.swift; sourceTree = "<group>"; };
		947C638B1D744FD300676822 /* SymbolListHeader.swift */ = {isa = PBXFileReference; fileEncoding = 4; lastKnownFileType = sourcecode.swift; path = SymbolListHeader.swift; sourceTree = "<group>"; };
		947C638D1D744FF000676822 /* SymbolListHeader.xib */ = {isa = PBXFileReference; fileEncoding = 4; lastKnownFileType = file.xib; path = SymbolListHeader.xib; sourceTree = "<group>"; };
		947C638F1D7451EE00676822 /* SymbolListTableViewController.swift */ = {isa = PBXFileReference; fileEncoding = 4; lastKnownFileType = sourcecode.swift; path = SymbolListTableViewController.swift; sourceTree = "<group>"; };
		947C63911D7453B200676822 /* SymbolCell.swift */ = {isa = PBXFileReference; fileEncoding = 4; lastKnownFileType = sourcecode.swift; path = SymbolCell.swift; sourceTree = "<group>"; };
		947C63951D7581D100676822 /* PortfolioListViewController.swift */ = {isa = PBXFileReference; fileEncoding = 4; lastKnownFileType = sourcecode.swift; path = PortfolioListViewController.swift; sourceTree = "<group>"; };
		947C63991D75B25D00676822 /* libsqlite3.dylib */ = {isa = PBXFileReference; lastKnownFileType = "compiled.mach-o.dylib"; name = libsqlite3.dylib; path = ../../../../usr/lib/libsqlite3.dylib; sourceTree = "<group>"; };
		947C639C1D75BA8C00676822 /* DataBase.swift */ = {isa = PBXFileReference; fileEncoding = 4; lastKnownFileType = sourcecode.swift; path = DataBase.swift; sourceTree = "<group>"; };
		947EAC0F1D7AA25100FE43EC /* portfolioCell.swift */ = {isa = PBXFileReference; fileEncoding = 4; lastKnownFileType = sourcecode.swift; path = portfolioCell.swift; sourceTree = "<group>"; };
		948B46641D76B49500F464C2 /* SearchSeymbolTableView.swift */ = {isa = PBXFileReference; fileEncoding = 4; lastKnownFileType = sourcecode.swift; path = SearchSeymbolTableView.swift; sourceTree = "<group>"; };
		948B46671D76BCDD00F464C2 /* SymbolListModelResponse.swift */ = {isa = PBXFileReference; fileEncoding = 4; lastKnownFileType = sourcecode.swift; path = SymbolListModelResponse.swift; sourceTree = "<group>"; };
		948B46691D76BCE500F464C2 /* SymbolsDetailsList.swift */ = {isa = PBXFileReference; fileEncoding = 4; lastKnownFileType = sourcecode.swift; path = SymbolsDetailsList.swift; sourceTree = "<group>"; };
		949BEE4E1D72A51C008FA574 /* SabadBan.app */ = {isa = PBXFileReference; explicitFileType = wrapper.application; includeInIndex = 0; path = SabadBan.app; sourceTree = BUILT_PRODUCTS_DIR; };
		949BEE511D72A51C008FA574 /* AppDelegate.swift */ = {isa = PBXFileReference; lastKnownFileType = sourcecode.swift; path = AppDelegate.swift; sourceTree = "<group>"; };
		949BEE581D72A51C008FA574 /* Assets.xcassets */ = {isa = PBXFileReference; lastKnownFileType = folder.assetcatalog; path = Assets.xcassets; sourceTree = "<group>"; };
		949BEE5D1D72A51C008FA574 /* Info.plist */ = {isa = PBXFileReference; lastKnownFileType = text.plist.xml; path = Info.plist; sourceTree = "<group>"; };
		949BEE6A1D72A78A008FA574 /* Utils.swift */ = {isa = PBXFileReference; fileEncoding = 4; lastKnownFileType = sourcecode.swift; path = Utils.swift; sourceTree = "<group>"; };
		949BEE6B1D72A78A008FA574 /* AppConstants.swift */ = {isa = PBXFileReference; fileEncoding = 4; lastKnownFileType = sourcecode.swift; path = AppConstants.swift; sourceTree = "<group>"; };
		949BEE6C1D72A78A008FA574 /* LinearProgressView.swift */ = {isa = PBXFileReference; fileEncoding = 4; lastKnownFileType = sourcecode.swift; path = LinearProgressView.swift; sourceTree = "<group>"; };
		949BEE711D72A799008FA574 /* MyAlert.swift */ = {isa = PBXFileReference; fileEncoding = 4; lastKnownFileType = sourcecode.swift; path = MyAlert.swift; sourceTree = "<group>"; };
		949BEE721D72A799008FA574 /* MyAlert.xib */ = {isa = PBXFileReference; fileEncoding = 4; lastKnownFileType = file.xib; path = MyAlert.xib; sourceTree = "<group>"; };
		949BEE751D72A7AD008FA574 /* UIView.swift */ = {isa = PBXFileReference; fileEncoding = 4; lastKnownFileType = sourcecode.swift; path = UIView.swift; sourceTree = "<group>"; };
		949BEE761D72A7AD008FA574 /* NumbersFormat.swift */ = {isa = PBXFileReference; fileEncoding = 4; lastKnownFileType = sourcecode.swift; path = NumbersFormat.swift; sourceTree = "<group>"; };
		949BEE7A1D72A7C4008FA574 /* ENSideMenu.swift */ = {isa = PBXFileReference; fileEncoding = 4; lastKnownFileType = sourcecode.swift; path = ENSideMenu.swift; sourceTree = "<group>"; };
		949BEE7B1D72A7C4008FA574 /* ENSideMenuNavigationController.swift */ = {isa = PBXFileReference; fileEncoding = 4; lastKnownFileType = sourcecode.swift; path = ENSideMenuNavigationController.swift; sourceTree = "<group>"; };
		949BEE7F1D72A7DA008FA574 /* MyNavigationController.swift */ = {isa = PBXFileReference; fileEncoding = 4; lastKnownFileType = sourcecode.swift; path = MyNavigationController.swift; sourceTree = "<group>"; };
		949BEE801D72A7DA008FA574 /* MyMenuTableViewController.swift */ = {isa = PBXFileReference; fileEncoding = 4; lastKnownFileType = sourcecode.swift; path = MyMenuTableViewController.swift; sourceTree = "<group>"; };
		949BEE841D72A7FE008FA574 /* SettingTableViewController.swift */ = {isa = PBXFileReference; fileEncoding = 4; lastKnownFileType = sourcecode.swift; path = SettingTableViewController.swift; sourceTree = "<group>"; };
		949BEE871D72A883008FA574 /* BaseViewController.swift */ = {isa = PBXFileReference; fileEncoding = 4; lastKnownFileType = sourcecode.swift; path = BaseViewController.swift; sourceTree = "<group>"; };
		949BEE881D72A883008FA574 /* BaseTableViewController.swift */ = {isa = PBXFileReference; fileEncoding = 4; lastKnownFileType = sourcecode.swift; path = BaseTableViewController.swift; sourceTree = "<group>"; };
		949BEE8D1D72AA9F008FA574 /* en */ = {isa = PBXFileReference; lastKnownFileType = file.storyboard; name = en; path = en.lproj/Main.storyboard; sourceTree = "<group>"; };
		949BEE8E1D72AA9F008FA574 /* en */ = {isa = PBXFileReference; lastKnownFileType = file.storyboard; name = en; path = en.lproj/LaunchScreen.storyboard; sourceTree = "<group>"; };
		949BEE901D72AABB008FA574 /* en */ = {isa = PBXFileReference; lastKnownFileType = text.plist.strings; name = en; path = en.lproj/Localizable.strings; sourceTree = "<group>"; };
		949BEE921D72AACA008FA574 /* fa */ = {isa = PBXFileReference; lastKnownFileType = text.plist.strings; name = fa; path = fa.lproj/Localizable.strings; sourceTree = "<group>"; };
		949BEE951D72ADB4008FA574 /* IRANSans.ttf */ = {isa = PBXFileReference; lastKnownFileType = file; path = IRANSans.ttf; sourceTree = "<group>"; };
		949BEE991D72B2FE008FA574 /* IndexTableViewController.swift */ = {isa = PBXFileReference; fileEncoding = 4; lastKnownFileType = sourcecode.swift; path = IndexTableViewController.swift; sourceTree = "<group>"; };
		949BEE9C1D72B46F008FA574 /* IndexHeader.xib */ = {isa = PBXFileReference; fileEncoding = 4; lastKnownFileType = file.xib; path = IndexHeader.xib; sourceTree = "<group>"; };
		949BEE9F1D72B5C8008FA574 /* IndexHeader.swift */ = {isa = PBXFileReference; fileEncoding = 4; lastKnownFileType = sourcecode.swift; path = IndexHeader.swift; sourceTree = "<group>"; };
		949BEEA11D72B9C1008FA574 /* IndexCell.swift */ = {isa = PBXFileReference; fileEncoding = 4; lastKnownFileType = sourcecode.swift; path = IndexCell.swift; sourceTree = "<group>"; };
		949BEEA41D72CA88008FA574 /* IndexDetailsList.swift */ = {isa = PBXFileReference; fileEncoding = 4; lastKnownFileType = sourcecode.swift; path = IndexDetailsList.swift; sourceTree = "<group>"; };
		949BEEA61D72CA88008FA574 /* Response.swift */ = {isa = PBXFileReference; fileEncoding = 4; lastKnownFileType = sourcecode.swift; path = Response.swift; sourceTree = "<group>"; };
		949BEEAE1D72F7B2008FA574 /* UIColor.swift */ = {isa = PBXFileReference; fileEncoding = 4; lastKnownFileType = sourcecode.swift; path = UIColor.swift; sourceTree = "<group>"; };
		949BEEB41D7311F7008FA574 /* IndexDetailsTabBarController.swift */ = {isa = PBXFileReference; fileEncoding = 4; lastKnownFileType = sourcecode.swift; path = IndexDetailsTabBarController.swift; sourceTree = "<group>"; };
		949BEEB61D731228008FA574 /* ChartViewController.swift */ = {isa = PBXFileReference; fileEncoding = 4; lastKnownFileType = sourcecode.swift; path = ChartViewController.swift; sourceTree = "<group>"; };
		949BEEB81D731235008FA574 /* DetailsViewController.swift */ = {isa = PBXFileReference; fileEncoding = 4; lastKnownFileType = sourcecode.swift; path = DetailsViewController.swift; sourceTree = "<group>"; };
		94B7722A1D7FE13F002AA618 /* BourseNewsTableViewController.swift */ = {isa = PBXFileReference; fileEncoding = 4; lastKnownFileType = sourcecode.swift; path = BourseNewsTableViewController.swift; sourceTree = "<group>"; };
		94B7722C1D7FE18D002AA618 /* ObserverNewsTableViewController.swift */ = {isa = PBXFileReference; fileEncoding = 4; lastKnownFileType = sourcecode.swift; path = ObserverNewsTableViewController.swift; sourceTree = "<group>"; };
		94B7722E1D7FE363002AA618 /* NewsCell.swift */ = {isa = PBXFileReference; fileEncoding = 4; lastKnownFileType = sourcecode.swift; path = NewsCell.swift; sourceTree = "<group>"; };
		94B772331D7FEA7D002AA618 /* NewsDetailsList.swift */ = {isa = PBXFileReference; fileEncoding = 4; lastKnownFileType = sourcecode.swift; path = NewsDetailsList.swift; sourceTree = "<group>"; };
		94B772341D7FEA7D002AA618 /* ObserverNewsResponse.swift */ = {isa = PBXFileReference; fileEncoding = 4; lastKnownFileType = sourcecode.swift; path = ObserverNewsResponse.swift; sourceTree = "<group>"; };
		DCC682DC91C3B38F9F01FE3E /* Pods-SabadBan.release.xcconfig */ = {isa = PBXFileReference; includeInIndex = 1; lastKnownFileType = text.xcconfig; name = "Pods-SabadBan.release.xcconfig"; path = "Pods/Target Support Files/Pods-SabadBan/Pods-SabadBan.release.xcconfig"; sourceTree = "<group>"; };
		E672665F4DD4CD071AFEA5E4 /* Pods_SabadBan.framework */ = {isa = PBXFileReference; explicitFileType = wrapper.framework; includeInIndex = 0; path = Pods_SabadBan.framework; sourceTree = BUILT_PRODUCTS_DIR; };
/* End PBXFileReference section */

/* Begin PBXFrameworksBuildPhase section */
		949BEE4B1D72A51B008FA574 /* Frameworks */ = {
			isa = PBXFrameworksBuildPhase;
			buildActionMask = 2147483647;
			files = (
				317FEAE3C8E474C329DFD2C1 /* Pods_SabadBan.framework in Frameworks */,
			);
			runOnlyForDeploymentPostprocessing = 0;
		};
/* End PBXFrameworksBuildPhase section */

/* Begin PBXGroup section */
		4A8E7FDEF260C6FD64CB10A7 /* Frameworks */ = {
			isa = PBXGroup;
			children = (
				947C63991D75B25D00676822 /* libsqlite3.dylib */,
				E672665F4DD4CD071AFEA5E4 /* Pods_SabadBan.framework */,
			);
			name = Frameworks;
			sourceTree = "<group>";
		};
		71CB79BDC48DF0EBB0AEC22C /* Pods */ = {
			isa = PBXGroup;
			children = (
				32A77BA2E8175860256B2A74 /* Pods-SabadBan.debug.xcconfig */,
				DCC682DC91C3B38F9F01FE3E /* Pods-SabadBan.release.xcconfig */,
			);
			name = Pods;
			sourceTree = "<group>";
		};
		944EF1901D7EC28200A039BA /* SymbolDetails */ = {
			isa = PBXGroup;
			children = (
				944EF1981D7EC4B200A039BA /* SymbolTrading */,
				944EF1971D7EC43500A039BA /* SymbolBestLimit */,
			);
			name = SymbolDetails;
			sourceTree = "<group>";
		};
		944EF1971D7EC43500A039BA /* SymbolBestLimit */ = {
			isa = PBXGroup;
			children = (
				944EF1911D7EC29A00A039BA /* BestLimitDataList.swift */,
				944EF1931D7EC29A00A039BA /* SymbolBestLimitResponse.swift */,
			);
			name = SymbolBestLimit;
			sourceTree = "<group>";
		};
		944EF1981D7EC4B200A039BA /* SymbolTrading */ = {
			isa = PBXGroup;
			children = (
				944EF19A1D7EC4BF00A039BA /* SymbolTradingResponse.swift */,
			);
			name = SymbolTrading;
			sourceTree = "<group>";
		};
		9458E1511D7E8910009A211A /* Symbols */ = {
			isa = PBXGroup;
			children = (
				9458E1521D7E8976009A211A /* SymbolDetailsViewController.swift */,
			);
			name = Symbols;
			sourceTree = "<group>";
		};
		9465DB5E1D83D6EF007F0572 /* BourseNews */ = {
			isa = PBXGroup;
			children = (
				9465DB5F1D83D702007F0572 /* BourseNewsDetailsList.swift */,
				9465DB601D83D702007F0572 /* BourseNewsResponse.swift */,
			);
			name = BourseNews;
			sourceTree = "<group>";
		};
		9467D8941D7C4DA200B76A2E /* portfolioDetails */ = {
			isa = PBXGroup;
			children = (
			);
			name = portfolioDetails;
			sourceTree = "<group>";
		};
		947C63831D744D2600676822 /* SymbolInIndex */ = {
			isa = PBXGroup;
			children = (
				947C63851D744F3E00676822 /* SymbolDetailsList.swift */,
				947C63861D744F3E00676822 /* SymbolListByIndexResponse.swift */,
			);
			name = SymbolInIndex;
			sourceTree = "<group>";
		};
		947C638A1D744F9200676822 /* SymbolDetailsList */ = {
			isa = PBXGroup;
			children = (
				947C638B1D744FD300676822 /* SymbolListHeader.swift */,
				947C638D1D744FF000676822 /* SymbolListHeader.xib */,
				947C63911D7453B200676822 /* SymbolCell.swift */,
				941C19BA1D76FD9300DDE96F /* SymbolNamesCell.swift */,
			);
			name = SymbolDetailsList;
			sourceTree = "<group>";
		};
		947C63931D756F2200676822 /* Portfolio */ = {
			isa = PBXGroup;
			children = (
				9467D8941D7C4DA200B76A2E /* portfolioDetails */,
				947C63951D7581D100676822 /* PortfolioListViewController.swift */,
				948B46641D76B49500F464C2 /* SearchSeymbolTableView.swift */,
				9467D8671D7BEB8700B76A2E /* EditPortfolioViewController.swift */,
			);
			name = Portfolio;
			sourceTree = "<group>";
		};
		947C63941D75816400676822 /* Portfolio */ = {
			isa = PBXGroup;
			children = (
				948B46661D76BB6600F464C2 /* SymbolList */,
			);
			name = Portfolio;
			sourceTree = "<group>";
		};
		947C639B1D75BA6000676822 /* DataBase */ = {
			isa = PBXGroup;
			children = (
				947C639C1D75BA8C00676822 /* DataBase.swift */,
			);
			name = DataBase;
			sourceTree = "<group>";
		};
		947EAC0E1D7AA1FA00FE43EC /* Portfolio */ = {
			isa = PBXGroup;
			children = (
				947EAC0F1D7AA25100FE43EC /* portfolioCell.swift */,
			);
			name = Portfolio;
			sourceTree = "<group>";
		};
		948B46661D76BB6600F464C2 /* SymbolList */ = {
			isa = PBXGroup;
			children = (
				948B46691D76BCE500F464C2 /* SymbolsDetailsList.swift */,
				948B46671D76BCDD00F464C2 /* SymbolListModelResponse.swift */,
			);
			name = SymbolList;
			sourceTree = "<group>";
		};
		949BEE451D72A51B008FA574 = {
			isa = PBXGroup;
			children = (
				949BEE501D72A51C008FA574 /* SabadBan */,
				949BEE4F1D72A51C008FA574 /* Products */,
				71CB79BDC48DF0EBB0AEC22C /* Pods */,
				4A8E7FDEF260C6FD64CB10A7 /* Frameworks */,
			);
			sourceTree = "<group>";
		};
		949BEE4F1D72A51C008FA574 /* Products */ = {
			isa = PBXGroup;
			children = (
				949BEE4E1D72A51C008FA574 /* SabadBan.app */,
			);
			name = Products;
			sourceTree = "<group>";
		};
		949BEE501D72A51C008FA574 /* SabadBan */ = {
			isa = PBXGroup;
			children = (
				949BEE631D72A710008FA574 /* Extentions */,
				949BEE641D72A71F008FA574 /* Utils */,
				949BEE691D72A756008FA574 /* Resources */,
				947C639B1D75BA6000676822 /* DataBase */,
				949BEE661D72A737008FA574 /* Libs */,
				949BEE681D72A74F008FA574 /* Models */,
				949BEE981D72B28F008FA574 /* Views */,
				949BEE671D72A741008FA574 /* ViewControllers */,
				949BEE651D72A72E008FA574 /* ProjectFiles */,
				949BEE551D72A51C008FA574 /* Main.storyboard */,
				949BEE581D72A51C008FA574 /* Assets.xcassets */,
				949BEE5A1D72A51C008FA574 /* LaunchScreen.storyboard */,
			);
			path = SabadBan;
			sourceTree = "<group>";
		};
		949BEE631D72A710008FA574 /* Extentions */ = {
			isa = PBXGroup;
			children = (
				949BEE751D72A7AD008FA574 /* UIView.swift */,
				949BEE761D72A7AD008FA574 /* NumbersFormat.swift */,
				949BEEAE1D72F7B2008FA574 /* UIColor.swift */,
				84A34BF51D7EF5E600B02A8D /* AlamofireRequest.swift */,
			);
			name = Extentions;
			sourceTree = "<group>";
		};
		949BEE641D72A71F008FA574 /* Utils */ = {
			isa = PBXGroup;
			children = (
				949BEE701D72A78F008FA574 /* AlertVIew */,
				949BEE6A1D72A78A008FA574 /* Utils.swift */,
				949BEE6B1D72A78A008FA574 /* AppConstants.swift */,
				949BEE6C1D72A78A008FA574 /* LinearProgressView.swift */,
			);
			name = Utils;
			sourceTree = "<group>";
		};
		949BEE651D72A72E008FA574 /* ProjectFiles */ = {
			isa = PBXGroup;
			children = (
				949BEE5D1D72A51C008FA574 /* Info.plist */,
				949BEE511D72A51C008FA574 /* AppDelegate.swift */,
				9465DB691D84071D007F0572 /* SabadBan-Bridging-Header.h */,
			);
			name = ProjectFiles;
			sourceTree = "<group>";
		};
		949BEE661D72A737008FA574 /* Libs */ = {
			isa = PBXGroup;
			children = (
				949BEE791D72A7BA008FA574 /* SideMenu */,
			);
			name = Libs;
			sourceTree = "<group>";
		};
		949BEE671D72A741008FA574 /* ViewControllers */ = {
			isa = PBXGroup;
			children = (
				94B772271D7FE058002AA618 /* News */,
				9458E1511D7E8910009A211A /* Symbols */,
				947C63931D756F2200676822 /* Portfolio */,
				949BEE9B1D72B30F008FA574 /* Index */,
				949BEE861D72A877008FA574 /* BaseViews */,
				949BEE831D72A7E7008FA574 /* Setting */,
				949BEE7E1D72A7D0008FA574 /* SideMenu */,
			);
			name = ViewControllers;
			sourceTree = "<group>";
		};
		949BEE681D72A74F008FA574 /* Models */ = {
			isa = PBXGroup;
			children = (
				94B772311D7FEA65002AA618 /* News */,
				944EF1901D7EC28200A039BA /* SymbolDetails */,
				947C63941D75816400676822 /* Portfolio */,
				949BEEA31D72CA13008FA574 /* Index */,
				944EF19D1D7EE79400A039BA /* MainResponse.swift */,
			);
			name = Models;
			sourceTree = "<group>";
		};
		949BEE691D72A756008FA574 /* Resources */ = {
			isa = PBXGroup;
			children = (
				949BEE931D72AB1E008FA574 /* Fonts */,
				949BEE911D72AABB008FA574 /* Localizable.strings */,
			);
			name = Resources;
			sourceTree = "<group>";
		};
		949BEE701D72A78F008FA574 /* AlertVIew */ = {
			isa = PBXGroup;
			children = (
				949BEE711D72A799008FA574 /* MyAlert.swift */,
				949BEE721D72A799008FA574 /* MyAlert.xib */,
			);
			name = AlertVIew;
			sourceTree = "<group>";
		};
		949BEE791D72A7BA008FA574 /* SideMenu */ = {
			isa = PBXGroup;
			children = (
				949BEE7A1D72A7C4008FA574 /* ENSideMenu.swift */,
				949BEE7B1D72A7C4008FA574 /* ENSideMenuNavigationController.swift */,
			);
			name = SideMenu;
			sourceTree = "<group>";
		};
		949BEE7E1D72A7D0008FA574 /* SideMenu */ = {
			isa = PBXGroup;
			children = (
				949BEE7F1D72A7DA008FA574 /* MyNavigationController.swift */,
				949BEE801D72A7DA008FA574 /* MyMenuTableViewController.swift */,
			);
			name = SideMenu;
			sourceTree = "<group>";
		};
		949BEE831D72A7E7008FA574 /* Setting */ = {
			isa = PBXGroup;
			children = (
				949BEE841D72A7FE008FA574 /* SettingTableViewController.swift */,
			);
			name = Setting;
			sourceTree = "<group>";
		};
		949BEE861D72A877008FA574 /* BaseViews */ = {
			isa = PBXGroup;
			children = (
				949BEE871D72A883008FA574 /* BaseViewController.swift */,
				949BEE881D72A883008FA574 /* BaseTableViewController.swift */,
			);
			name = BaseViews;
			sourceTree = "<group>";
		};
		949BEE931D72AB1E008FA574 /* Fonts */ = {
			isa = PBXGroup;
			children = (
				949BEE951D72ADB4008FA574 /* IRANSans.ttf */,
			);
			name = Fonts;
			sourceTree = "<group>";
		};
		949BEE981D72B28F008FA574 /* Views */ = {
			isa = PBXGroup;
			children = (
				94B772301D7FE36A002AA618 /* News */,
				947EAC0E1D7AA1FA00FE43EC /* Portfolio */,
				949BEE9E1D72B5A5008FA574 /* Index */,
			);
			name = Views;
			sourceTree = "<group>";
		};
		949BEE9B1D72B30F008FA574 /* Index */ = {
			isa = PBXGroup;
			children = (
				949BEEB01D73118B008FA574 /* IndexDetails */,
				949BEE991D72B2FE008FA574 /* IndexTableViewController.swift */,
			);
			name = Index;
			sourceTree = "<group>";
		};
		949BEE9E1D72B5A5008FA574 /* Index */ = {
			isa = PBXGroup;
			children = (
				947C638A1D744F9200676822 /* SymbolDetailsList */,
				949BEE9C1D72B46F008FA574 /* IndexHeader.xib */,
				949BEE9F1D72B5C8008FA574 /* IndexHeader.swift */,
				949BEEA11D72B9C1008FA574 /* IndexCell.swift */,
				941E9A2C1D740B5900A472A5 /* indexDetailsCell.swift */,
			);
			name = Index;
			sourceTree = "<group>";
		};
		949BEEA31D72CA13008FA574 /* Index */ = {
			isa = PBXGroup;
			children = (
				947C63831D744D2600676822 /* SymbolInIndex */,
				949BEEAA1D72CE00008FA574 /* IndexListAndDetails */,
			);
			name = Index;
			sourceTree = "<group>";
		};
		949BEEAA1D72CE00008FA574 /* IndexListAndDetails */ = {
			isa = PBXGroup;
			children = (
				949BEEA41D72CA88008FA574 /* IndexDetailsList.swift */,
				949BEEA61D72CA88008FA574 /* Response.swift */,
			);
			name = IndexListAndDetails;
			sourceTree = "<group>";
		};
		949BEEB01D73118B008FA574 /* IndexDetails */ = {
			isa = PBXGroup;
			children = (
				949BEEB41D7311F7008FA574 /* IndexDetailsTabBarController.swift */,
				949BEEB61D731228008FA574 /* ChartViewController.swift */,
				949BEEB81D731235008FA574 /* DetailsViewController.swift */,
				947C638F1D7451EE00676822 /* SymbolListTableViewController.swift */,
			);
			name = IndexDetails;
			sourceTree = "<group>";
		};
		94B772271D7FE058002AA618 /* News */ = {
			isa = PBXGroup;
			children = (
				94B7722A1D7FE13F002AA618 /* BourseNewsTableViewController.swift */,
				94B7722C1D7FE18D002AA618 /* ObserverNewsTableViewController.swift */,
				9465DB651D83E935007F0572 /* NewsDetailViewController.swift */,
				9465DB671D840450007F0572 /* NewsTabBarController.swift */,
			);
			name = News;
			sourceTree = "<group>";
		};
		94B772301D7FE36A002AA618 /* News */ = {
			isa = PBXGroup;
			children = (
				94B7722E1D7FE363002AA618 /* NewsCell.swift */,
			);
			name = News;
			sourceTree = "<group>";
		};
		94B772311D7FEA65002AA618 /* News */ = {
			isa = PBXGroup;
			children = (
				9465DB5E1D83D6EF007F0572 /* BourseNews */,
				94B772321D7FEA6D002AA618 /* ObserverNews */,
			);
			name = News;
			sourceTree = "<group>";
		};
		94B772321D7FEA6D002AA618 /* ObserverNews */ = {
			isa = PBXGroup;
			children = (
				94B772331D7FEA7D002AA618 /* NewsDetailsList.swift */,
				94B772341D7FEA7D002AA618 /* ObserverNewsResponse.swift */,
			);
			name = ObserverNews;
			sourceTree = "<group>";
		};
/* End PBXGroup section */

/* Begin PBXNativeTarget section */
		949BEE4D1D72A51B008FA574 /* SabadBan */ = {
			isa = PBXNativeTarget;
			buildConfigurationList = 949BEE601D72A51C008FA574 /* Build configuration list for PBXNativeTarget "SabadBan" */;
			buildPhases = (
				8312FA5A350B89DD3F034BF3 /* 📦 Check Pods Manifest.lock */,
				C5D64A95F08DFE760624CE14 /* [CP] Check Pods Manifest.lock */,
				949BEE4A1D72A51B008FA574 /* Sources */,
				949BEE4B1D72A51B008FA574 /* Frameworks */,
				949BEE4C1D72A51B008FA574 /* Resources */,
				8081F79439C37156BA5282BE /* [CP] Embed Pods Frameworks */,
				E613BDBD7D2F1D4A4CE6993B /* [CP] Copy Pods Resources */,
				810F67EBFB187311FA34728F /* 📦 Embed Pods Frameworks */,
				9C5F1587A697F6BB804C8C3E /* 📦 Copy Pods Resources */,
			);
			buildRules = (
			);
			dependencies = (
			);
			name = SabadBan;
			productName = SabadBan;
			productReference = 949BEE4E1D72A51C008FA574 /* SabadBan.app */;
			productType = "com.apple.product-type.application";
		};
/* End PBXNativeTarget section */

/* Begin PBXProject section */
		949BEE461D72A51B008FA574 /* Project object */ = {
			isa = PBXProject;
			attributes = {
				LastSwiftUpdateCheck = 0730;
				LastUpgradeCheck = 0730;
				ORGANIZATIONNAME = "Sefr Yek";
				TargetAttributes = {
					949BEE4D1D72A51B008FA574 = {
						CreatedOnToolsVersion = 7.3;
						DevelopmentTeam = ME3L9TLYAV;
						SystemCapabilities = {
							com.apple.BackgroundModes = {
								enabled = 1;
							};
							com.apple.Push = {
								enabled = 1;
							};
						};
					};
				};
			};
			buildConfigurationList = 949BEE491D72A51B008FA574 /* Build configuration list for PBXProject "SabadBan" */;
			compatibilityVersion = "Xcode 3.2";
			developmentRegion = English;
			hasScannedForEncodings = 0;
			knownRegions = (
				en,
				fa,
			);
			mainGroup = 949BEE451D72A51B008FA574;
			productRefGroup = 949BEE4F1D72A51C008FA574 /* Products */;
			projectDirPath = "";
			projectRoot = "";
			targets = (
				949BEE4D1D72A51B008FA574 /* SabadBan */,
			);
		};
/* End PBXProject section */

/* Begin PBXResourcesBuildPhase section */
		949BEE4C1D72A51B008FA574 /* Resources */ = {
			isa = PBXResourcesBuildPhase;
			buildActionMask = 2147483647;
			files = (
				947C638E1D744FF000676822 /* SymbolListHeader.xib in Resources */,
				949BEE8F1D72AABB008FA574 /* Localizable.strings in Resources */,
				949BEE5C1D72A51C008FA574 /* LaunchScreen.storyboard in Resources */,
				949BEE591D72A51C008FA574 /* Assets.xcassets in Resources */,
				949BEE741D72A799008FA574 /* MyAlert.xib in Resources */,
				949BEE571D72A51C008FA574 /* Main.storyboard in Resources */,
				949BEE961D72ADB4008FA574 /* IRANSans.ttf in Resources */,
				949BEE9D1D72B46F008FA574 /* IndexHeader.xib in Resources */,
			);
			runOnlyForDeploymentPostprocessing = 0;
		};
/* End PBXResourcesBuildPhase section */

/* Begin PBXShellScriptBuildPhase section */
		8081F79439C37156BA5282BE /* [CP] Embed Pods Frameworks */ = {
			isa = PBXShellScriptBuildPhase;
			buildActionMask = 2147483647;
			files = (
			);
			inputPaths = (
			);
			name = "[CP] Embed Pods Frameworks";
			outputPaths = (
			);
			runOnlyForDeploymentPostprocessing = 0;
			shellPath = /bin/sh;
			shellScript = "\"${SRCROOT}/Pods/Target Support Files/Pods-SabadBan/Pods-SabadBan-frameworks.sh\"\n";
			showEnvVarsInLog = 0;
		};
		810F67EBFB187311FA34728F /* 📦 Embed Pods Frameworks */ = {
			isa = PBXShellScriptBuildPhase;
			buildActionMask = 2147483647;
			files = (
			);
			inputPaths = (
			);
			name = "📦 Embed Pods Frameworks";
			outputPaths = (
			);
			runOnlyForDeploymentPostprocessing = 0;
			shellPath = /bin/sh;
			shellScript = "\"${SRCROOT}/Pods/Target Support Files/Pods-SabadBan/Pods-SabadBan-frameworks.sh\"\n";
			showEnvVarsInLog = 0;
		};
		8312FA5A350B89DD3F034BF3 /* 📦 Check Pods Manifest.lock */ = {
			isa = PBXShellScriptBuildPhase;
			buildActionMask = 2147483647;
			files = (
			);
			inputPaths = (
			);
			name = "📦 Check Pods Manifest.lock";
			outputPaths = (
			);
			runOnlyForDeploymentPostprocessing = 0;
			shellPath = /bin/sh;
			shellScript = "diff \"${PODS_ROOT}/../Podfile.lock\" \"${PODS_ROOT}/Manifest.lock\" > /dev/null\nif [[ $? != 0 ]] ; then\n    cat << EOM\nerror: The sandbox is not in sync with the Podfile.lock. Run 'pod install' or update your CocoaPods installation.\nEOM\n    exit 1\nfi\n";
			showEnvVarsInLog = 0;
		};
		9C5F1587A697F6BB804C8C3E /* 📦 Copy Pods Resources */ = {
			isa = PBXShellScriptBuildPhase;
			buildActionMask = 2147483647;
			files = (
			);
			inputPaths = (
			);
			name = "📦 Copy Pods Resources";
			outputPaths = (
			);
			runOnlyForDeploymentPostprocessing = 0;
			shellPath = /bin/sh;
			shellScript = "\"${SRCROOT}/Pods/Target Support Files/Pods-SabadBan/Pods-SabadBan-resources.sh\"\n";
			showEnvVarsInLog = 0;
		};
		C5D64A95F08DFE760624CE14 /* [CP] Check Pods Manifest.lock */ = {
			isa = PBXShellScriptBuildPhase;
			buildActionMask = 2147483647;
			files = (
			);
			inputPaths = (
			);
			name = "[CP] Check Pods Manifest.lock";
			outputPaths = (
			);
			runOnlyForDeploymentPostprocessing = 0;
			shellPath = /bin/sh;
			shellScript = "diff \"${PODS_ROOT}/../Podfile.lock\" \"${PODS_ROOT}/Manifest.lock\" > /dev/null\nif [[ $? != 0 ]] ; then\n    cat << EOM\nerror: The sandbox is not in sync with the Podfile.lock. Run 'pod install' or update your CocoaPods installation.\nEOM\n    exit 1\nfi\n";
			showEnvVarsInLog = 0;
		};
		E613BDBD7D2F1D4A4CE6993B /* [CP] Copy Pods Resources */ = {
			isa = PBXShellScriptBuildPhase;
			buildActionMask = 2147483647;
			files = (
			);
			inputPaths = (
			);
			name = "[CP] Copy Pods Resources";
			outputPaths = (
			);
			runOnlyForDeploymentPostprocessing = 0;
			shellPath = /bin/sh;
			shellScript = "\"${SRCROOT}/Pods/Target Support Files/Pods-SabadBan/Pods-SabadBan-resources.sh\"\n";
			showEnvVarsInLog = 0;
		};
/* End PBXShellScriptBuildPhase section */

/* Begin PBXSourcesBuildPhase section */
		949BEE4A1D72A51B008FA574 /* Sources */ = {
			isa = PBXSourcesBuildPhase;
			buildActionMask = 2147483647;
			files = (
				944EF1941D7EC29A00A039BA /* BestLimitDataList.swift in Sources */,
				947C638C1D744FD300676822 /* SymbolListHeader.swift in Sources */,
				941E9A2D1D740B5900A472A5 /* indexDetailsCell.swift in Sources */,
				949BEE811D72A7DA008FA574 /* MyNavigationController.swift in Sources */,
				9465DB621D83D702007F0572 /* BourseNewsResponse.swift in Sources */,
				94B7722F1D7FE363002AA618 /* NewsCell.swift in Sources */,
				947EAC101D7AA25100FE43EC /* portfolioCell.swift in Sources */,
				9467D8681D7BEB8700B76A2E /* EditPortfolioViewController.swift in Sources */,
				949BEE851D72A7FE008FA574 /* SettingTableViewController.swift in Sources */,
				947C63921D7453B200676822 /* SymbolCell.swift in Sources */,
				9465DB611D83D702007F0572 /* BourseNewsDetailsList.swift in Sources */,
				94B772361D7FEA7D002AA618 /* ObserverNewsResponse.swift in Sources */,
				944EF19C1D7EC4BF00A039BA /* SymbolTradingResponse.swift in Sources */,
				947C63901D7451EE00676822 /* SymbolListTableViewController.swift in Sources */,
				94B7722B1D7FE13F002AA618 /* BourseNewsTableViewController.swift in Sources */,
				948B46651D76B49500F464C2 /* SearchSeymbolTableView.swift in Sources */,
				949BEE6F1D72A78A008FA574 /* LinearProgressView.swift in Sources */,
				949BEE521D72A51C008FA574 /* AppDelegate.swift in Sources */,
				9465DB681D840450007F0572 /* NewsTabBarController.swift in Sources */,
				9465DB661D83E935007F0572 /* NewsDetailViewController.swift in Sources */,
				949BEEB71D731228008FA574 /* ChartViewController.swift in Sources */,
				949BEEA91D72CA88008FA574 /* Response.swift in Sources */,
				949BEEAF1D72F7B2008FA574 /* UIColor.swift in Sources */,
				949BEEA21D72B9C1008FA574 /* IndexCell.swift in Sources */,
				94B7722D1D7FE18D002AA618 /* ObserverNewsTableViewController.swift in Sources */,
				949BEE891D72A883008FA574 /* BaseViewController.swift in Sources */,
				949BEE821D72A7DA008FA574 /* MyMenuTableViewController.swift in Sources */,
				947C63881D744F3E00676822 /* SymbolDetailsList.swift in Sources */,
				948B466A1D76BCE500F464C2 /* SymbolsDetailsList.swift in Sources */,
				949BEE781D72A7AD008FA574 /* NumbersFormat.swift in Sources */,
				94B772351D7FEA7D002AA618 /* NewsDetailsList.swift in Sources */,
				947C63891D744F3E00676822 /* SymbolListByIndexResponse.swift in Sources */,
				949BEE9A1D72B2FE008FA574 /* IndexTableViewController.swift in Sources */,
				949BEE771D72A7AD008FA574 /* UIView.swift in Sources */,
				949BEE6D1D72A78A008FA574 /* Utils.swift in Sources */,
				941C19BB1D76FD9300DDE96F /* SymbolNamesCell.swift in Sources */,
				949BEE7C1D72A7C4008FA574 /* ENSideMenu.swift in Sources */,
				949BEE731D72A799008FA574 /* MyAlert.swift in Sources */,
				949BEE8A1D72A883008FA574 /* BaseTableViewController.swift in Sources */,
				949BEEB91D731235008FA574 /* DetailsViewController.swift in Sources */,
				949BEEA01D72B5C8008FA574 /* IndexHeader.swift in Sources */,
				949BEE7D1D72A7C4008FA574 /* ENSideMenuNavigationController.swift in Sources */,
				947C639D1D75BA8C00676822 /* DataBase.swift in Sources */,
				84A34BF61D7EF5E600B02A8D /* AlamofireRequest.swift in Sources */,
				9458E1531D7E8976009A211A /* SymbolDetailsViewController.swift in Sources */,
				944EF19E1D7EE79400A039BA /* MainResponse.swift in Sources */,
				949BEE6E1D72A78A008FA574 /* AppConstants.swift in Sources */,
				949BEEA71D72CA88008FA574 /* IndexDetailsList.swift in Sources */,
				948B46681D76BCDD00F464C2 /* SymbolListModelResponse.swift in Sources */,
				944EF1961D7EC29A00A039BA /* SymbolBestLimitResponse.swift in Sources */,
				949BEEB51D7311F7008FA574 /* IndexDetailsTabBarController.swift in Sources */,
				947C63961D7581D100676822 /* PortfolioListViewController.swift in Sources */,
			);
			runOnlyForDeploymentPostprocessing = 0;
		};
/* End PBXSourcesBuildPhase section */

/* Begin PBXVariantGroup section */
		949BEE551D72A51C008FA574 /* Main.storyboard */ = {
			isa = PBXVariantGroup;
			children = (
				949BEE8D1D72AA9F008FA574 /* en */,
			);
			name = Main.storyboard;
			sourceTree = "<group>";
		};
		949BEE5A1D72A51C008FA574 /* LaunchScreen.storyboard */ = {
			isa = PBXVariantGroup;
			children = (
				949BEE8E1D72AA9F008FA574 /* en */,
			);
			name = LaunchScreen.storyboard;
			sourceTree = "<group>";
		};
		949BEE911D72AABB008FA574 /* Localizable.strings */ = {
			isa = PBXVariantGroup;
			children = (
				949BEE901D72AABB008FA574 /* en */,
				949BEE921D72AACA008FA574 /* fa */,
			);
			name = Localizable.strings;
			sourceTree = "<group>";
		};
/* End PBXVariantGroup section */

/* Begin XCBuildConfiguration section */
		949BEE5E1D72A51C008FA574 /* Debug */ = {
			isa = XCBuildConfiguration;
			buildSettings = {
				ALWAYS_SEARCH_USER_PATHS = NO;
				CLANG_ANALYZER_NONNULL = YES;
				CLANG_CXX_LANGUAGE_STANDARD = "gnu++0x";
				CLANG_CXX_LIBRARY = "libc++";
				CLANG_ENABLE_MODULES = YES;
				CLANG_ENABLE_OBJC_ARC = YES;
				CLANG_WARN_BOOL_CONVERSION = YES;
				CLANG_WARN_CONSTANT_CONVERSION = YES;
				CLANG_WARN_DIRECT_OBJC_ISA_USAGE = YES_ERROR;
				CLANG_WARN_EMPTY_BODY = YES;
				CLANG_WARN_ENUM_CONVERSION = YES;
				CLANG_WARN_INT_CONVERSION = YES;
				CLANG_WARN_OBJC_ROOT_CLASS = YES_ERROR;
				CLANG_WARN_UNREACHABLE_CODE = YES;
				CLANG_WARN__DUPLICATE_METHOD_MATCH = YES;
				"CODE_SIGN_IDENTITY[sdk=iphoneos*]" = "iPhone Developer";
				COPY_PHASE_STRIP = NO;
				DEBUG_INFORMATION_FORMAT = dwarf;
				ENABLE_STRICT_OBJC_MSGSEND = YES;
				ENABLE_TESTABILITY = YES;
				GCC_C_LANGUAGE_STANDARD = gnu99;
				GCC_DYNAMIC_NO_PIC = NO;
				GCC_NO_COMMON_BLOCKS = YES;
				GCC_OPTIMIZATION_LEVEL = 0;
				GCC_PREPROCESSOR_DEFINITIONS = (
					"DEBUG=1",
					"$(inherited)",
				);
				GCC_WARN_64_TO_32_BIT_CONVERSION = YES;
				GCC_WARN_ABOUT_RETURN_TYPE = YES_ERROR;
				GCC_WARN_UNDECLARED_SELECTOR = YES;
				GCC_WARN_UNINITIALIZED_AUTOS = YES_AGGRESSIVE;
				GCC_WARN_UNUSED_FUNCTION = YES;
				GCC_WARN_UNUSED_VARIABLE = YES;
				IPHONEOS_DEPLOYMENT_TARGET = 9.3;
				MTL_ENABLE_DEBUG_INFO = YES;
				ONLY_ACTIVE_ARCH = YES;
				SDKROOT = iphoneos;
				SWIFT_OPTIMIZATION_LEVEL = "-Onone";
				TARGETED_DEVICE_FAMILY = "1,2";
			};
			name = Debug;
		};
		949BEE5F1D72A51C008FA574 /* Release */ = {
			isa = XCBuildConfiguration;
			buildSettings = {
				ALWAYS_SEARCH_USER_PATHS = NO;
				CLANG_ANALYZER_NONNULL = YES;
				CLANG_CXX_LANGUAGE_STANDARD = "gnu++0x";
				CLANG_CXX_LIBRARY = "libc++";
				CLANG_ENABLE_MODULES = YES;
				CLANG_ENABLE_OBJC_ARC = YES;
				CLANG_WARN_BOOL_CONVERSION = YES;
				CLANG_WARN_CONSTANT_CONVERSION = YES;
				CLANG_WARN_DIRECT_OBJC_ISA_USAGE = YES_ERROR;
				CLANG_WARN_EMPTY_BODY = YES;
				CLANG_WARN_ENUM_CONVERSION = YES;
				CLANG_WARN_INT_CONVERSION = YES;
				CLANG_WARN_OBJC_ROOT_CLASS = YES_ERROR;
				CLANG_WARN_UNREACHABLE_CODE = YES;
				CLANG_WARN__DUPLICATE_METHOD_MATCH = YES;
				"CODE_SIGN_IDENTITY[sdk=iphoneos*]" = "iPhone Developer";
				COPY_PHASE_STRIP = NO;
				DEBUG_INFORMATION_FORMAT = "dwarf-with-dsym";
				ENABLE_NS_ASSERTIONS = NO;
				ENABLE_STRICT_OBJC_MSGSEND = YES;
				GCC_C_LANGUAGE_STANDARD = gnu99;
				GCC_NO_COMMON_BLOCKS = YES;
				GCC_WARN_64_TO_32_BIT_CONVERSION = YES;
				GCC_WARN_ABOUT_RETURN_TYPE = YES_ERROR;
				GCC_WARN_UNDECLARED_SELECTOR = YES;
				GCC_WARN_UNINITIALIZED_AUTOS = YES_AGGRESSIVE;
				GCC_WARN_UNUSED_FUNCTION = YES;
				GCC_WARN_UNUSED_VARIABLE = YES;
				IPHONEOS_DEPLOYMENT_TARGET = 9.3;
				MTL_ENABLE_DEBUG_INFO = NO;
				SDKROOT = iphoneos;
				TARGETED_DEVICE_FAMILY = "1,2";
				VALIDATE_PRODUCT = YES;
			};
			name = Release;
		};
		949BEE611D72A51C008FA574 /* Debug */ = {
			isa = XCBuildConfiguration;
			baseConfigurationReference = 32A77BA2E8175860256B2A74 /* Pods-SabadBan.debug.xcconfig */;
			buildSettings = {
				ASSETCATALOG_COMPILER_APPICON_NAME = AppIcon;
				CLANG_ENABLE_MODULES = YES;
				CODE_SIGN_IDENTITY = "iPhone Developer: Saeed Bohlooli (24S3U28KLP)";
				"CODE_SIGN_IDENTITY[sdk=iphoneos*]" = "iPhone Developer";
				INFOPLIST_FILE = SabadBan/Info.plist;
				IPHONEOS_DEPLOYMENT_TARGET = 8.0;
				LD_RUNPATH_SEARCH_PATHS = "$(inherited) @executable_path/Frameworks";
				PRODUCT_BUNDLE_IDENTIFIER = com.zoitek.SabadBan;
				PRODUCT_NAME = "$(TARGET_NAME)";
				PROVISIONING_PROFILE = "982d3072-1339-4802-bd1b-c0c7225a7fbc";
				SWIFT_OBJC_BRIDGING_HEADER = "SabadBan/SabadBan-Bridging-Header.h";
				SWIFT_OPTIMIZATION_LEVEL = "-Onone";
			};
			name = Debug;
		};
		949BEE621D72A51C008FA574 /* Release */ = {
			isa = XCBuildConfiguration;
			baseConfigurationReference = DCC682DC91C3B38F9F01FE3E /* Pods-SabadBan.release.xcconfig */;
			buildSettings = {
				ASSETCATALOG_COMPILER_APPICON_NAME = AppIcon;
				CLANG_ENABLE_MODULES = YES;
				CODE_SIGN_IDENTITY = "iPhone Developer: Saeed Bohlooli (24S3U28KLP)";
				"CODE_SIGN_IDENTITY[sdk=iphoneos*]" = "iPhone Developer";
				INFOPLIST_FILE = SabadBan/Info.plist;
				IPHONEOS_DEPLOYMENT_TARGET = 8.0;
				LD_RUNPATH_SEARCH_PATHS = "$(inherited) @executable_path/Frameworks";
				PRODUCT_BUNDLE_IDENTIFIER = com.zoitek.SabadBan;
				PRODUCT_NAME = "$(TARGET_NAME)";
				PROVISIONING_PROFILE = "982d3072-1339-4802-bd1b-c0c7225a7fbc";
				SWIFT_OBJC_BRIDGING_HEADER = "SabadBan/SabadBan-Bridging-Header.h";
			};
			name = Release;
		};
/* End XCBuildConfiguration section */

/* Begin XCConfigurationList section */
		949BEE491D72A51B008FA574 /* Build configuration list for PBXProject "SabadBan" */ = {
			isa = XCConfigurationList;
			buildConfigurations = (
				949BEE5E1D72A51C008FA574 /* Debug */,
				949BEE5F1D72A51C008FA574 /* Release */,
			);
			defaultConfigurationIsVisible = 0;
			defaultConfigurationName = Release;
		};
		949BEE601D72A51C008FA574 /* Build configuration list for PBXNativeTarget "SabadBan" */ = {
			isa = XCConfigurationList;
			buildConfigurations = (
				949BEE611D72A51C008FA574 /* Debug */,
				949BEE621D72A51C008FA574 /* Release */,
			);
			defaultConfigurationIsVisible = 0;
			defaultConfigurationName = Release;
		};
/* End XCConfigurationList section */
	};
	rootObject = 949BEE461D72A51B008FA574 /* Project object */;
}
